
Microsoft Visual Studio Solution File, Format Version 12.00
# Visual Studio 14
VisualStudioVersion = 14.0.25420.1
MinimumVisualStudioVersion = 10.0.40219.1
Project("{8BC9CEB8-8B4A-11D0-8D11-00A0C91BC942}") = "project_shader_test", "project_shader_test\project_shader_test.vcxproj", "{ECD10AB6-6E01-493D-A851-1DDAC1709BD5}"
	ProjectSection(ProjectDependencies) = postProject
		{4D87AE8E-F088-4781-A96E-653C71C3DBE4} = {4D87AE8E-F088-4781-A96E-653C71C3DBE4}
	EndProjectSection
EndProject
Project("{8BC9CEB8-8B4A-11D0-8D11-00A0C91BC942}") = "project_lib", "project_lib\project_lib.vcxproj", "{4D87AE8E-F088-4781-A96E-653C71C3DBE4}"
EndProject
Project("{8BC9CEB8-8B4A-11D0-8D11-00A0C91BC942}") = "project_VBO_EBO_VAO", "project_VBO_EBO_VAO\project_VBO_EBO_VAO.vcxproj", "{3BD233A8-B4BA-44CE-914A-171748B94ADB}"
EndProject
Project("{8BC9CEB8-8B4A-11D0-8D11-00A0C91BC942}") = "project_texture_test", "project_texture_test\project_texture_test.vcxproj", "{D004191A-5FB5-49AC-BB25-D20D8D21C0A2}"
EndProject
Project("{8BC9CEB8-8B4A-11D0-8D11-00A0C91BC942}") = "project_matrix_transform", "project_matrix_transform\project_matrix_transform.vcxproj", "{37E54744-1532-4D91-B3FD-48647C5DE206}"
EndProject
Project("{8BC9CEB8-8B4A-11D0-8D11-00A0C91BC942}") = "project_coordinate_transform_test", "project_coordinate_transform_test\project_coordinate_transform_test.vcxproj", "{B84A7A77-9D0E-45E6-BA1D-9AEB4862A906}"
EndProject
Project("{8BC9CEB8-8B4A-11D0-8D11-00A0C91BC942}") = "project_camera_test", "project_camera_test\project_camera_test.vcxproj", "{7B9B9427-378D-47C1-9947-DD9E4323DB06}"
EndProject
Project("{8BC9CEB8-8B4A-11D0-8D11-00A0C91BC942}") = "project_light_test", "project_light_test\project_light_test.vcxproj", "{CD04F9FA-1AAA-4FD9-801A-D245AC359B43}"
EndProject
Project("{8BC9CEB8-8B4A-11D0-8D11-00A0C91BC942}") = "project_material_test", "project_material_test\project_material_test.vcxproj", "{61B8000D-2CD0-4292-A0B9-C425E2FA85D2}"
EndProject
Project("{8BC9CEB8-8B4A-11D0-8D11-00A0C91BC942}") = "project_lighting_map_test", "project_lighting_map_test\project_lighting_map_test.vcxproj", "{EF026CA3-F289-45D2-ACE1-B6BEEF2F31DD}"
EndProject
Project("{8BC9CEB8-8B4A-11D0-8D11-00A0C91BC942}") = "project_light_cast_test", "project_light_cast_test\project_light_cast_test.vcxproj", "{4C0C31DE-9C8A-47FC-B48D-717D34B2A456}"
EndProject
Project("{8BC9CEB8-8B4A-11D0-8D11-00A0C91BC942}") = "project_multi_lights_test", "project_multi_lights_test\project_multi_lights_test.vcxproj", "{4AA59DD3-5541-4A4A-A8D5-05F39CC4959A}"
EndProject
Project("{8BC9CEB8-8B4A-11D0-8D11-00A0C91BC942}") = "project_assimp_test", "project_assimp_test\project_assimp_test.vcxproj", "{140C5004-B1F6-46E9-AAD2-001A749024E9}"
EndProject
Project("{8BC9CEB8-8B4A-11D0-8D11-00A0C91BC942}") = "project_depth_test", "project_depth_test\project_depth_test.vcxproj", "{6CDA03EA-7CAE-4567-A471-62965571CF30}"
EndProject
Project("{8BC9CEB8-8B4A-11D0-8D11-00A0C91BC942}") = "project_stencil_test", "project_stencil_test\project_stencil_test.vcxproj", "{873BBACA-B870-4A86-BB82-00271EFCA008}"
	ProjectSection(ProjectDependencies) = postProject
		{4D87AE8E-F088-4781-A96E-653C71C3DBE4} = {4D87AE8E-F088-4781-A96E-653C71C3DBE4}
	EndProjectSection
EndProject
Project("{8BC9CEB8-8B4A-11D0-8D11-00A0C91BC942}") = "project_blend_test", "project_blend_test\project_blend_test.vcxproj", "{329AFD78-42B8-4607-BD4A-5D863F1B226C}"
EndProject
Project("{8BC9CEB8-8B4A-11D0-8D11-00A0C91BC942}") = "project_culling_test", "project_culling_test\project_culling_test.vcxproj", "{DE2D513D-5120-48F2-9803-6F7B1F8E839A}"
EndProject
Project("{8BC9CEB8-8B4A-11D0-8D11-00A0C91BC942}") = "project_framebuffer_test", "project_framebuffer_test\project_framebuffer_test.vcxproj", "{923F66DE-5B62-4737-9490-7349EA1C9C1B}"
EndProject
Project("{8BC9CEB8-8B4A-11D0-8D11-00A0C91BC942}") = "project_cubemap_test", "project_cubemap_test\project_cubemap_test.vcxproj", "{67045245-90ED-471C-8642-2071A60FFB0A}"
EndProject
Global
	GlobalSection(SolutionConfigurationPlatforms) = preSolution
		Debug|x64 = Debug|x64
		Debug|x86 = Debug|x86
		Release|x64 = Release|x64
		Release|x86 = Release|x86
	EndGlobalSection
	GlobalSection(ProjectConfigurationPlatforms) = postSolution
		{ECD10AB6-6E01-493D-A851-1DDAC1709BD5}.Debug|x64.ActiveCfg = Debug|x64
		{ECD10AB6-6E01-493D-A851-1DDAC1709BD5}.Debug|x64.Build.0 = Debug|x64
		{ECD10AB6-6E01-493D-A851-1DDAC1709BD5}.Debug|x86.ActiveCfg = Debug|Win32
		{ECD10AB6-6E01-493D-A851-1DDAC1709BD5}.Debug|x86.Build.0 = Debug|Win32
		{ECD10AB6-6E01-493D-A851-1DDAC1709BD5}.Release|x64.ActiveCfg = Release|x64
		{ECD10AB6-6E01-493D-A851-1DDAC1709BD5}.Release|x64.Build.0 = Release|x64
		{ECD10AB6-6E01-493D-A851-1DDAC1709BD5}.Release|x86.ActiveCfg = Release|Win32
		{ECD10AB6-6E01-493D-A851-1DDAC1709BD5}.Release|x86.Build.0 = Release|Win32
		{4D87AE8E-F088-4781-A96E-653C71C3DBE4}.Debug|x64.ActiveCfg = Debug|x64
		{4D87AE8E-F088-4781-A96E-653C71C3DBE4}.Debug|x64.Build.0 = Debug|x64
		{4D87AE8E-F088-4781-A96E-653C71C3DBE4}.Debug|x86.ActiveCfg = Debug|Win32
		{4D87AE8E-F088-4781-A96E-653C71C3DBE4}.Debug|x86.Build.0 = Debug|Win32
		{4D87AE8E-F088-4781-A96E-653C71C3DBE4}.Release|x64.ActiveCfg = Release|x64
		{4D87AE8E-F088-4781-A96E-653C71C3DBE4}.Release|x64.Build.0 = Release|x64
		{4D87AE8E-F088-4781-A96E-653C71C3DBE4}.Release|x86.ActiveCfg = Release|Win32
		{4D87AE8E-F088-4781-A96E-653C71C3DBE4}.Release|x86.Build.0 = Release|Win32
		{3BD233A8-B4BA-44CE-914A-171748B94ADB}.Debug|x64.ActiveCfg = Debug|x64
		{3BD233A8-B4BA-44CE-914A-171748B94ADB}.Debug|x64.Build.0 = Debug|x64
		{3BD233A8-B4BA-44CE-914A-171748B94ADB}.Debug|x86.ActiveCfg = Debug|Win32
		{3BD233A8-B4BA-44CE-914A-171748B94ADB}.Debug|x86.Build.0 = Debug|Win32
		{3BD233A8-B4BA-44CE-914A-171748B94ADB}.Release|x64.ActiveCfg = Release|x64
		{3BD233A8-B4BA-44CE-914A-171748B94ADB}.Release|x64.Build.0 = Release|x64
		{3BD233A8-B4BA-44CE-914A-171748B94ADB}.Release|x86.ActiveCfg = Release|Win32
		{3BD233A8-B4BA-44CE-914A-171748B94ADB}.Release|x86.Build.0 = Release|Win32
		{D004191A-5FB5-49AC-BB25-D20D8D21C0A2}.Debug|x64.ActiveCfg = Debug|x64
		{D004191A-5FB5-49AC-BB25-D20D8D21C0A2}.Debug|x64.Build.0 = Debug|x64
		{D004191A-5FB5-49AC-BB25-D20D8D21C0A2}.Debug|x86.ActiveCfg = Debug|Win32
		{D004191A-5FB5-49AC-BB25-D20D8D21C0A2}.Debug|x86.Build.0 = Debug|Win32
		{D004191A-5FB5-49AC-BB25-D20D8D21C0A2}.Release|x64.ActiveCfg = Release|x64
		{D004191A-5FB5-49AC-BB25-D20D8D21C0A2}.Release|x64.Build.0 = Release|x64
		{D004191A-5FB5-49AC-BB25-D20D8D21C0A2}.Release|x86.ActiveCfg = Release|Win32
		{D004191A-5FB5-49AC-BB25-D20D8D21C0A2}.Release|x86.Build.0 = Release|Win32
		{37E54744-1532-4D91-B3FD-48647C5DE206}.Debug|x64.ActiveCfg = Debug|x64
		{37E54744-1532-4D91-B3FD-48647C5DE206}.Debug|x64.Build.0 = Debug|x64
		{37E54744-1532-4D91-B3FD-48647C5DE206}.Debug|x86.ActiveCfg = Debug|Win32
		{37E54744-1532-4D91-B3FD-48647C5DE206}.Debug|x86.Build.0 = Debug|Win32
		{37E54744-1532-4D91-B3FD-48647C5DE206}.Release|x64.ActiveCfg = Release|x64
		{37E54744-1532-4D91-B3FD-48647C5DE206}.Release|x64.Build.0 = Release|x64
		{37E54744-1532-4D91-B3FD-48647C5DE206}.Release|x86.ActiveCfg = Release|Win32
		{37E54744-1532-4D91-B3FD-48647C5DE206}.Release|x86.Build.0 = Release|Win32
		{B84A7A77-9D0E-45E6-BA1D-9AEB4862A906}.Debug|x64.ActiveCfg = Debug|x64
		{B84A7A77-9D0E-45E6-BA1D-9AEB4862A906}.Debug|x64.Build.0 = Debug|x64
		{B84A7A77-9D0E-45E6-BA1D-9AEB4862A906}.Debug|x86.ActiveCfg = Debug|Win32
		{B84A7A77-9D0E-45E6-BA1D-9AEB4862A906}.Debug|x86.Build.0 = Debug|Win32
		{B84A7A77-9D0E-45E6-BA1D-9AEB4862A906}.Release|x64.ActiveCfg = Release|x64
		{B84A7A77-9D0E-45E6-BA1D-9AEB4862A906}.Release|x64.Build.0 = Release|x64
		{B84A7A77-9D0E-45E6-BA1D-9AEB4862A906}.Release|x86.ActiveCfg = Release|Win32
		{B84A7A77-9D0E-45E6-BA1D-9AEB4862A906}.Release|x86.Build.0 = Release|Win32
		{7B9B9427-378D-47C1-9947-DD9E4323DB06}.Debug|x64.ActiveCfg = Debug|x64
		{7B9B9427-378D-47C1-9947-DD9E4323DB06}.Debug|x64.Build.0 = Debug|x64
		{7B9B9427-378D-47C1-9947-DD9E4323DB06}.Debug|x86.ActiveCfg = Debug|Win32
		{7B9B9427-378D-47C1-9947-DD9E4323DB06}.Debug|x86.Build.0 = Debug|Win32
		{7B9B9427-378D-47C1-9947-DD9E4323DB06}.Release|x64.ActiveCfg = Release|x64
		{7B9B9427-378D-47C1-9947-DD9E4323DB06}.Release|x64.Build.0 = Release|x64
		{7B9B9427-378D-47C1-9947-DD9E4323DB06}.Release|x86.ActiveCfg = Release|Win32
		{7B9B9427-378D-47C1-9947-DD9E4323DB06}.Release|x86.Build.0 = Release|Win32
		{CD04F9FA-1AAA-4FD9-801A-D245AC359B43}.Debug|x64.ActiveCfg = Debug|x64
		{CD04F9FA-1AAA-4FD9-801A-D245AC359B43}.Debug|x64.Build.0 = Debug|x64
		{CD04F9FA-1AAA-4FD9-801A-D245AC359B43}.Debug|x86.ActiveCfg = Debug|Win32
		{CD04F9FA-1AAA-4FD9-801A-D245AC359B43}.Debug|x86.Build.0 = Debug|Win32
		{CD04F9FA-1AAA-4FD9-801A-D245AC359B43}.Release|x64.ActiveCfg = Release|x64
		{CD04F9FA-1AAA-4FD9-801A-D245AC359B43}.Release|x64.Build.0 = Release|x64
		{CD04F9FA-1AAA-4FD9-801A-D245AC359B43}.Release|x86.ActiveCfg = Release|Win32
		{CD04F9FA-1AAA-4FD9-801A-D245AC359B43}.Release|x86.Build.0 = Release|Win32
		{61B8000D-2CD0-4292-A0B9-C425E2FA85D2}.Debug|x64.ActiveCfg = Debug|x64
		{61B8000D-2CD0-4292-A0B9-C425E2FA85D2}.Debug|x64.Build.0 = Debug|x64
		{61B8000D-2CD0-4292-A0B9-C425E2FA85D2}.Debug|x86.ActiveCfg = Debug|Win32
		{61B8000D-2CD0-4292-A0B9-C425E2FA85D2}.Debug|x86.Build.0 = Debug|Win32
		{61B8000D-2CD0-4292-A0B9-C425E2FA85D2}.Release|x64.ActiveCfg = Release|x64
		{61B8000D-2CD0-4292-A0B9-C425E2FA85D2}.Release|x64.Build.0 = Release|x64
		{61B8000D-2CD0-4292-A0B9-C425E2FA85D2}.Release|x86.ActiveCfg = Release|Win32
		{61B8000D-2CD0-4292-A0B9-C425E2FA85D2}.Release|x86.Build.0 = Release|Win32
		{EF026CA3-F289-45D2-ACE1-B6BEEF2F31DD}.Debug|x64.ActiveCfg = Debug|x64
		{EF026CA3-F289-45D2-ACE1-B6BEEF2F31DD}.Debug|x64.Build.0 = Debug|x64
		{EF026CA3-F289-45D2-ACE1-B6BEEF2F31DD}.Debug|x86.ActiveCfg = Debug|Win32
		{EF026CA3-F289-45D2-ACE1-B6BEEF2F31DD}.Debug|x86.Build.0 = Debug|Win32
		{EF026CA3-F289-45D2-ACE1-B6BEEF2F31DD}.Release|x64.ActiveCfg = Release|x64
		{EF026CA3-F289-45D2-ACE1-B6BEEF2F31DD}.Release|x64.Build.0 = Release|x64
		{EF026CA3-F289-45D2-ACE1-B6BEEF2F31DD}.Release|x86.ActiveCfg = Release|Win32
		{EF026CA3-F289-45D2-ACE1-B6BEEF2F31DD}.Release|x86.Build.0 = Release|Win32
		{4C0C31DE-9C8A-47FC-B48D-717D34B2A456}.Debug|x64.ActiveCfg = Debug|x64
		{4C0C31DE-9C8A-47FC-B48D-717D34B2A456}.Debug|x64.Build.0 = Debug|x64
		{4C0C31DE-9C8A-47FC-B48D-717D34B2A456}.Debug|x86.ActiveCfg = Debug|Win32
		{4C0C31DE-9C8A-47FC-B48D-717D34B2A456}.Debug|x86.Build.0 = Debug|Win32
		{4C0C31DE-9C8A-47FC-B48D-717D34B2A456}.Release|x64.ActiveCfg = Release|x64
		{4C0C31DE-9C8A-47FC-B48D-717D34B2A456}.Release|x64.Build.0 = Release|x64
		{4C0C31DE-9C8A-47FC-B48D-717D34B2A456}.Release|x86.ActiveCfg = Release|Win32
		{4C0C31DE-9C8A-47FC-B48D-717D34B2A456}.Release|x86.Build.0 = Release|Win32
		{4AA59DD3-5541-4A4A-A8D5-05F39CC4959A}.Debug|x64.ActiveCfg = Debug|x64
		{4AA59DD3-5541-4A4A-A8D5-05F39CC4959A}.Debug|x64.Build.0 = Debug|x64
		{4AA59DD3-5541-4A4A-A8D5-05F39CC4959A}.Debug|x86.ActiveCfg = Debug|Win32
		{4AA59DD3-5541-4A4A-A8D5-05F39CC4959A}.Debug|x86.Build.0 = Debug|Win32
		{4AA59DD3-5541-4A4A-A8D5-05F39CC4959A}.Release|x64.ActiveCfg = Release|x64
		{4AA59DD3-5541-4A4A-A8D5-05F39CC4959A}.Release|x64.Build.0 = Release|x64
		{4AA59DD3-5541-4A4A-A8D5-05F39CC4959A}.Release|x86.ActiveCfg = Release|Win32
		{4AA59DD3-5541-4A4A-A8D5-05F39CC4959A}.Release|x86.Build.0 = Release|Win32
		{140C5004-B1F6-46E9-AAD2-001A749024E9}.Debug|x64.ActiveCfg = Debug|x64
		{140C5004-B1F6-46E9-AAD2-001A749024E9}.Debug|x64.Build.0 = Debug|x64
		{140C5004-B1F6-46E9-AAD2-001A749024E9}.Debug|x86.ActiveCfg = Debug|Win32
		{140C5004-B1F6-46E9-AAD2-001A749024E9}.Debug|x86.Build.0 = Debug|Win32
		{140C5004-B1F6-46E9-AAD2-001A749024E9}.Release|x64.ActiveCfg = Release|x64
		{140C5004-B1F6-46E9-AAD2-001A749024E9}.Release|x64.Build.0 = Release|x64
		{140C5004-B1F6-46E9-AAD2-001A749024E9}.Release|x86.ActiveCfg = Release|Win32
		{140C5004-B1F6-46E9-AAD2-001A749024E9}.Release|x86.Build.0 = Release|Win32
		{6CDA03EA-7CAE-4567-A471-62965571CF30}.Debug|x64.ActiveCfg = Debug|x64
		{6CDA03EA-7CAE-4567-A471-62965571CF30}.Debug|x64.Build.0 = Debug|x64
		{6CDA03EA-7CAE-4567-A471-62965571CF30}.Debug|x86.ActiveCfg = Debug|Win32
		{6CDA03EA-7CAE-4567-A471-62965571CF30}.Debug|x86.Build.0 = Debug|Win32
		{6CDA03EA-7CAE-4567-A471-62965571CF30}.Release|x64.ActiveCfg = Release|x64
		{6CDA03EA-7CAE-4567-A471-62965571CF30}.Release|x64.Build.0 = Release|x64
		{6CDA03EA-7CAE-4567-A471-62965571CF30}.Release|x86.ActiveCfg = Release|Win32
		{6CDA03EA-7CAE-4567-A471-62965571CF30}.Release|x86.Build.0 = Release|Win32
		{873BBACA-B870-4A86-BB82-00271EFCA008}.Debug|x64.ActiveCfg = Debug|x64
		{873BBACA-B870-4A86-BB82-00271EFCA008}.Debug|x64.Build.0 = Debug|x64
		{873BBACA-B870-4A86-BB82-00271EFCA008}.Debug|x86.ActiveCfg = Debug|Win32
		{873BBACA-B870-4A86-BB82-00271EFCA008}.Debug|x86.Build.0 = Debug|Win32
		{873BBACA-B870-4A86-BB82-00271EFCA008}.Release|x64.ActiveCfg = Release|x64
		{873BBACA-B870-4A86-BB82-00271EFCA008}.Release|x64.Build.0 = Release|x64
		{873BBACA-B870-4A86-BB82-00271EFCA008}.Release|x86.ActiveCfg = Release|Win32
		{873BBACA-B870-4A86-BB82-00271EFCA008}.Release|x86.Build.0 = Release|Win32
		{329AFD78-42B8-4607-BD4A-5D863F1B226C}.Debug|x64.ActiveCfg = Debug|x64
		{329AFD78-42B8-4607-BD4A-5D863F1B226C}.Debug|x64.Build.0 = Debug|x64
		{329AFD78-42B8-4607-BD4A-5D863F1B226C}.Debug|x86.ActiveCfg = Debug|Win32
		{329AFD78-42B8-4607-BD4A-5D863F1B226C}.Debug|x86.Build.0 = Debug|Win32
		{329AFD78-42B8-4607-BD4A-5D863F1B226C}.Release|x64.ActiveCfg = Release|x64
		{329AFD78-42B8-4607-BD4A-5D863F1B226C}.Release|x64.Build.0 = Release|x64
		{329AFD78-42B8-4607-BD4A-5D863F1B226C}.Release|x86.ActiveCfg = Release|Win32
		{329AFD78-42B8-4607-BD4A-5D863F1B226C}.Release|x86.Build.0 = Release|Win32
		{DE2D513D-5120-48F2-9803-6F7B1F8E839A}.Debug|x64.ActiveCfg = Debug|x64
		{DE2D513D-5120-48F2-9803-6F7B1F8E839A}.Debug|x64.Build.0 = Debug|x64
		{DE2D513D-5120-48F2-9803-6F7B1F8E839A}.Debug|x86.ActiveCfg = Debug|Win32
		{DE2D513D-5120-48F2-9803-6F7B1F8E839A}.Debug|x86.Build.0 = Debug|Win32
		{DE2D513D-5120-48F2-9803-6F7B1F8E839A}.Release|x64.ActiveCfg = Release|x64
		{DE2D513D-5120-48F2-9803-6F7B1F8E839A}.Release|x64.Build.0 = Release|x64
		{DE2D513D-5120-48F2-9803-6F7B1F8E839A}.Release|x86.ActiveCfg = Release|Win32
		{DE2D513D-5120-48F2-9803-6F7B1F8E839A}.Release|x86.Build.0 = Release|Win32
		{923F66DE-5B62-4737-9490-7349EA1C9C1B}.Debug|x64.ActiveCfg = Debug|x64
		{923F66DE-5B62-4737-9490-7349EA1C9C1B}.Debug|x64.Build.0 = Debug|x64
		{923F66DE-5B62-4737-9490-7349EA1C9C1B}.Debug|x86.ActiveCfg = Debug|Win32
		{923F66DE-5B62-4737-9490-7349EA1C9C1B}.Debug|x86.Build.0 = Debug|Win32
		{923F66DE-5B62-4737-9490-7349EA1C9C1B}.Release|x64.ActiveCfg = Release|x64
		{923F66DE-5B62-4737-9490-7349EA1C9C1B}.Release|x64.Build.0 = Release|x64
		{923F66DE-5B62-4737-9490-7349EA1C9C1B}.Release|x86.ActiveCfg = Release|Win32
		{923F66DE-5B62-4737-9490-7349EA1C9C1B}.Release|x86.Build.0 = Release|Win32
		{67045245-90ED-471C-8642-2071A60FFB0A}.Debug|x64.ActiveCfg = Debug|x64
		{67045245-90ED-471C-8642-2071A60FFB0A}.Debug|x64.Build.0 = Debug|x64
		{67045245-90ED-471C-8642-2071A60FFB0A}.Debug|x86.ActiveCfg = Debug|Win32
		{67045245-90ED-471C-8642-2071A60FFB0A}.Debug|x86.Build.0 = Debug|Win32
		{67045245-90ED-471C-8642-2071A60FFB0A}.Release|x64.ActiveCfg = Release|x64
		{67045245-90ED-471C-8642-2071A60FFB0A}.Release|x64.Build.0 = Release|x64
		{67045245-90ED-471C-8642-2071A60FFB0A}.Release|x86.ActiveCfg = Release|Win32
		{67045245-90ED-471C-8642-2071A60FFB0A}.Release|x86.Build.0 = Release|Win32
	EndGlobalSection
	GlobalSection(SolutionProperties) = preSolution
		HideSolutionNode = FALSE
	EndGlobalSection
EndGlobal
