
Microsoft Visual Studio Solution File, Format Version 12.00
# Visual Studio 14
VisualStudioVersion = 14.0.25420.1
MinimumVisualStudioVersion = 10.0.40219.1
Project("{8BC9CEB8-8B4A-11D0-8D11-00A0C91BC942}") = "project_shader_test", "project_shader_test\project_shader_test.vcxproj", "{ECD10AB6-6E01-493D-A851-1DDAC1709BD5}"
	ProjectSection(ProjectDependencies) = postProject
		{4D87AE8E-F088-4781-A96E-653C71C3DBE4} = {4D87AE8E-F088-4781-A96E-653C71C3DBE4}
	EndProjectSection
EndProject
Project("{8BC9CEB8-8B4A-11D0-8D11-00A0C91BC942}") = "project_lib", "project_lib\project_lib.vcxproj", "{4D87AE8E-F088-4781-A96E-653C71C3DBE4}"
EndProject
Project("{8BC9CEB8-8B4A-11D0-8D11-00A0C91BC942}") = "project_VBO_EBO_VAO", "project_VBO_EBO_VAO\project_VBO_EBO_VAO.vcxproj", "{3BD233A8-B4BA-44CE-914A-171748B94ADB}"
EndProject
Global
	GlobalSection(SolutionConfigurationPlatforms) = preSolution
		Debug|x64 = Debug|x64
		Debug|x86 = Debug|x86
		Release|x64 = Release|x64
		Release|x86 = Release|x86
	EndGlobalSection
	GlobalSection(ProjectConfigurationPlatforms) = postSolution
		{ECD10AB6-6E01-493D-A851-1DDAC1709BD5}.Debug|x64.ActiveCfg = Debug|x64
		{ECD10AB6-6E01-493D-A851-1DDAC1709BD5}.Debug|x64.Build.0 = Debug|x64
		{ECD10AB6-6E01-493D-A851-1DDAC1709BD5}.Debug|x86.ActiveCfg = Debug|Win32
		{ECD10AB6-6E01-493D-A851-1DDAC1709BD5}.Debug|x86.Build.0 = Debug|Win32
		{ECD10AB6-6E01-493D-A851-1DDAC1709BD5}.Release|x64.ActiveCfg = Release|x64
		{ECD10AB6-6E01-493D-A851-1DDAC1709BD5}.Release|x64.Build.0 = Release|x64
		{ECD10AB6-6E01-493D-A851-1DDAC1709BD5}.Release|x86.ActiveCfg = Release|Win32
		{ECD10AB6-6E01-493D-A851-1DDAC1709BD5}.Release|x86.Build.0 = Release|Win32
		{4D87AE8E-F088-4781-A96E-653C71C3DBE4}.Debug|x64.ActiveCfg = Debug|x64
		{4D87AE8E-F088-4781-A96E-653C71C3DBE4}.Debug|x64.Build.0 = Debug|x64
		{4D87AE8E-F088-4781-A96E-653C71C3DBE4}.Debug|x86.ActiveCfg = Debug|Win32
		{4D87AE8E-F088-4781-A96E-653C71C3DBE4}.Debug|x86.Build.0 = Debug|Win32
		{4D87AE8E-F088-4781-A96E-653C71C3DBE4}.Release|x64.ActiveCfg = Release|x64
		{4D87AE8E-F088-4781-A96E-653C71C3DBE4}.Release|x64.Build.0 = Release|x64
		{4D87AE8E-F088-4781-A96E-653C71C3DBE4}.Release|x86.ActiveCfg = Release|Win32
		{4D87AE8E-F088-4781-A96E-653C71C3DBE4}.Release|x86.Build.0 = Release|Win32
		{3BD233A8-B4BA-44CE-914A-171748B94ADB}.Debug|x64.ActiveCfg = Debug|x64
		{3BD233A8-B4BA-44CE-914A-171748B94ADB}.Debug|x64.Build.0 = Debug|x64
		{3BD233A8-B4BA-44CE-914A-171748B94ADB}.Debug|x86.ActiveCfg = Debug|Win32
		{3BD233A8-B4BA-44CE-914A-171748B94ADB}.Debug|x86.Build.0 = Debug|Win32
		{3BD233A8-B4BA-44CE-914A-171748B94ADB}.Release|x64.ActiveCfg = Release|x64
		{3BD233A8-B4BA-44CE-914A-171748B94ADB}.Release|x64.Build.0 = Release|x64
		{3BD233A8-B4BA-44CE-914A-171748B94ADB}.Release|x86.ActiveCfg = Release|Win32
		{3BD233A8-B4BA-44CE-914A-171748B94ADB}.Release|x86.Build.0 = Release|Win32
	EndGlobalSection
	GlobalSection(SolutionProperties) = preSolution
		HideSolutionNode = FALSE
	EndGlobalSection
EndGlobal
